
Microsoft Visual Studio Solution File, Format Version 12.00
# Visual Studio Version 16
VisualStudioVersion = 16.0.30406.217
MinimumVisualStudioVersion = 10.0.40219.1
Project("{FAE04EC0-301F-11D3-BF4B-00C04F79EFBC}") = "Sims3Abridged", "Sims3Abridged\Sims3Abridged.csproj", "{5B349F42-6693-4FCB-9534-AC6425E0D4C9}"
EndProject
Global
	GlobalSection(SolutionConfigurationPlatforms) = preSolution
		Debug|Any CPU = Debug|Any CPU
		Debug|x64 = Debug|x64
		Debug|x86 = Debug|x86
		InternalBuild|Any CPU = InternalBuild|Any CPU
		InternalBuild|x64 = InternalBuild|x64
		InternalBuild|x86 = InternalBuild|x86
		Release|Any CPU = Release|Any CPU
		Release|x64 = Release|x64
		Release|x86 = Release|x86
	EndGlobalSection
	GlobalSection(ProjectConfigurationPlatforms) = postSolution
		{5B349F42-6693-4FCB-9534-AC6425E0D4C9}.Debug|Any CPU.ActiveCfg = Debug|x86
		{5B349F42-6693-4FCB-9534-AC6425E0D4C9}.Debug|Any CPU.Build.0 = Debug|x86
		{5B349F42-6693-4FCB-9534-AC6425E0D4C9}.Debug|x64.ActiveCfg = Debug|x64
		{5B349F42-6693-4FCB-9534-AC6425E0D4C9}.Debug|x64.Build.0 = Debug|x64
		{5B349F42-6693-4FCB-9534-AC6425E0D4C9}.Debug|x86.ActiveCfg = Debug|x64
		{5B349F42-6693-4FCB-9534-AC6425E0D4C9}.Debug|x86.Build.0 = Debug|x64
		{5B349F42-6693-4FCB-9534-AC6425E0D4C9}.InternalBuild|Any CPU.ActiveCfg = InternalBuild|x64
		{5B349F42-6693-4FCB-9534-AC6425E0D4C9}.InternalBuild|x64.ActiveCfg = InternalBuild|x64
		{5B349F42-6693-4FCB-9534-AC6425E0D4C9}.InternalBuild|x64.Build.0 = InternalBuild|x64
		{5B349F42-6693-4FCB-9534-AC6425E0D4C9}.InternalBuild|x86.ActiveCfg = InternalBuild|x64
		{5B349F42-6693-4FCB-9534-AC6425E0D4C9}.Release|Any CPU.ActiveCfg = Release|Any CPU
		{5B349F42-6693-4FCB-9534-AC6425E0D4C9}.Release|Any CPU.Build.0 = Release|Any CPU
		{5B349F42-6693-4FCB-9534-AC6425E0D4C9}.Release|x64.ActiveCfg = Release|x64
		{5B349F42-6693-4FCB-9534-AC6425E0D4C9}.Release|x64.Build.0 = Release|x64
		{5B349F42-6693-4FCB-9534-AC6425E0D4C9}.Release|x86.ActiveCfg = Release|Any CPU
		{5B349F42-6693-4FCB-9534-AC6425E0D4C9}.Release|x86.Build.0 = Release|Any CPU
	EndGlobalSection
	GlobalSection(SolutionProperties) = preSolution
		HideSolutionNode = FALSE
	EndGlobalSection
	GlobalSection(ExtensibilityGlobals) = postSolution
		SolutionGuid = {F8A65E68-5094-49CE-B54F-244C8B7B11B7}
	EndGlobalSection
EndGlobal
